PODS:
  - config-service (1.0.0)
  - httpclient-ios (9.0.0)
  - mediaselector-client-ios (7.0.4):
    - httpclient-ios (>= 7.1.1)
  - smp-ios (37.0.0):
    - config-service (>= 1.0.0)
    - httpclient-ios (>= 7.1.1)
    - mediaselector-client-ios (>= 5.0.0)
    - smp-ios/AVDecoder (= 37.0.0)
  - smp-ios/AVDecoder (37.0.0):
    - config-service (>= 1.0.0)
    - httpclient-ios (>= 7.1.1)
    - mediaselector-client-ios (>= 5.0.0)

DEPENDENCIES:
  - smp-ios

SPEC REPOS:
  "git@github.com:bbc/map-ios-podspecs.git":
    - config-service
    - httpclient-ios
    - mediaselector-client-ios
    - smp-ios

SPEC CHECKSUMS:
  config-service: b8464ee4f51225131ce4c243b1a00697eb5f6a60
  httpclient-ios: 6525be463ac06bffc009f8efa7dc5bfb7a8980fa
  mediaselector-client-ios: 76521e0dcc441e14d002eb8699e0d477344c4982
  smp-ios: 3ba0f43a3c8a439ebaac39931c323e57ae5c325e

PODFILE CHECKSUM: 5708d642d98114e40d8237f961728ab2dd8d7dff

COCOAPODS: 1.10.1
